PODS:
  - Alamofire (5.1.0)
  - Cosmos (21.0.0)
  - ImpressiveNotifications (0.5.0)
  - IQKeyboardManagerSwift (6.5.5)
  - lottie-ios (3.1.6)
  - SDWebImage (5.7.2):
    - SDWebImage/Core (= 5.7.2)
  - SDWebImage/Core (5.7.2)
  - SwiftyJSON (5.0.0)
  - TensorFlowLiteC (2.2.0)
  - TensorFlowLiteSwift (2.2.0):
    - TensorFlowLiteC (= 2.2.0)
  - TextFieldEffects (1.6.0)

DEPENDENCIES:
  - Alamofire
  - Cosmos
  - ImpressiveNotifications
  - IQKeyboardManagerSwift
  - lottie-ios
  - SDWebImage
  - SwiftyJSON
  - TensorFlowLiteSwift
  - TextFieldEffects

SPEC REPOS:
  trunk:
    - Alamofire
    - Cosmos
    - ImpressiveNotifications
    - IQKeyboardManagerSwift
    - lottie-ios
    - SDWebImage
    - SwiftyJSON
    - TensorFlowLiteC
    - TensorFlowLiteSwift
    - TextFieldEffects

SPEC CHECKSUMS:
  Alamofire: 9d5c5f602928e512395b30950c5984eca840093c
  Cosmos: 3dfb6e4ba48bd48b8c9aa2a77048ae11ed114f96
  ImpressiveNotifications: 9a3921276e916e244abb7e4b2a6661133479a17c
  IQKeyboardManagerSwift: 0fb93310284665245591f50f7a5e38de615960b7
  lottie-ios: 85ce835dd8c53e02509f20729fc7d6a4e6645a0a
  SDWebImage: d9ea4959d99c52276dfada481987018fcaea3d58
  SwiftyJSON: 36413e04c44ee145039d332b4f4e2d3e8d6c4db7
  TensorFlowLiteC: b3ab9e867b0b71052ca102a32a786555b330b02e
  TensorFlowLiteSwift: 2dd5e9c895e1819501f0fba3d8b69a536bda6c65
  TextFieldEffects: 529b8aff706fb40f82c41c780c0777941a893796

PODFILE CHECKSUM: fc0e8b18a9bbe5b062bcc1f5675ea00fd7d2defd

COCOAPODS: 1.9.1
